
Microsoft Visual Studio Solution File, Format Version 12.00
# Visual Studio Version 17
VisualStudioVersion = 17.4.33403.182
MinimumVisualStudioVersion = 10.0.40219.1
Project("{FAE04EC0-301F-11D3-BF4B-00C04F79EFBC}") = "ex11", "ex11\ex11.csproj", "{68C0EF6C-EEC8-45FE-83FB-85A2D90677CA}"
EndProject
Global
	GlobalSection(SolutionConfigurationPlatforms) = preSolution
		Debug|Any CPU = Debug|Any CPU
		Release|Any CPU = Release|Any CPU
	EndGlobalSection
	GlobalSection(ProjectConfigurationPlatforms) = postSolution
		{68C0EF6C-EEC8-45FE-83FB-85A2D90677CA}.Debug|Any CPU.ActiveCfg = Debug|Any CPU
		{68C0EF6C-EEC8-45FE-83FB-85A2D90677CA}.Debug|Any CPU.Build.0 = Debug|Any CPU
		{68C0EF6C-EEC8-45FE-83FB-85A2D90677CA}.Release|Any CPU.ActiveCfg = Release|Any CPU
		{68C0EF6C-EEC8-45FE-83FB-85A2D90677CA}.Release|Any CPU.Build.0 = Release|Any CPU
	EndGlobalSection
	GlobalSection(SolutionProperties) = preSolution
		HideSolutionNode = FALSE
	EndGlobalSection
	GlobalSection(ExtensibilityGlobals) = postSolution
		SolutionGuid = {8B9B57C2-8455-4798-8C8E-FEFD239E3237}
	EndGlobalSection
EndGlobal
